{
  "name": "@kare/tsconfig",
  "version": "0.0.1-beta.0",
  "lockfileVersion": 2,
  "requires": true,
  "packages": {
    "": {
      "name": "@kare/tsconfig",
      "version": "0.0.1-beta.0",
      "license": "MIT",
      "devDependencies": {},
      "engines": {
        "node": "^18"
      }
    }
  }
}
